
Microsoft Visual Studio Solution File, Format Version 12.00
# Visual Studio Version 17
VisualStudioVersion = 17.0.31903.59
MinimumVisualStudioVersion = 10.0.40219.1
Project("{FAE04EC0-301F-11D3-BF4B-00C04F79EFBC}") = "API", "API\API.csproj", "{89ED4D56-13CE-408F-9AC5-992644CF1C17}"
EndProject
Project("{9A19103F-16F7-4668-BE54-9A1E7A4F7556}") = "Habitica", "Habitica\Habitica.csproj", "{FAA2847F-50AB-4CE4-8191-6A62AD66F1F4}"
EndProject
Global
	GlobalSection(SolutionConfigurationPlatforms) = preSolution
		Debug|Any CPU = Debug|Any CPU
		Release|Any CPU = Release|Any CPU
	EndGlobalSection
	GlobalSection(ProjectConfigurationPlatforms) = postSolution
		{89ED4D56-13CE-408F-9AC5-992644CF1C17}.Debug|Any CPU.ActiveCfg = Debug|Any CPU
		{89ED4D56-13CE-408F-9AC5-992644CF1C17}.Debug|Any CPU.Build.0 = Debug|Any CPU
		{89ED4D56-13CE-408F-9AC5-992644CF1C17}.Release|Any CPU.ActiveCfg = Release|Any CPU
		{89ED4D56-13CE-408F-9AC5-992644CF1C17}.Release|Any CPU.Build.0 = Release|Any CPU
		{FAA2847F-50AB-4CE4-8191-6A62AD66F1F4}.Debug|Any CPU.ActiveCfg = Debug|Any CPU
		{FAA2847F-50AB-4CE4-8191-6A62AD66F1F4}.Debug|Any CPU.Build.0 = Debug|Any CPU
		{FAA2847F-50AB-4CE4-8191-6A62AD66F1F4}.Release|Any CPU.ActiveCfg = Release|Any CPU
		{FAA2847F-50AB-4CE4-8191-6A62AD66F1F4}.Release|Any CPU.Build.0 = Release|Any CPU
	EndGlobalSection
	GlobalSection(SolutionProperties) = preSolution
		HideSolutionNode = FALSE
	EndGlobalSection
	GlobalSection(ExtensibilityGlobals) = postSolution
		SolutionGuid = {21597476-B9FB-4C6D-A904-36B0508BD78D}
	EndGlobalSection
EndGlobal
